// !$*UTF8*$!
{
	archiveVersion = 1;
	classes = {
	};
	objectVersion = 50;
	objects = {

/* Begin PBXBuildFile section */
		2253D48220F5C26100832AD4 /* ProfileFeedCollectionViewCell.m in Sources */ = {isa = PBXBuildFile; fileRef = 2253D48120F5C26100832AD4 /* ProfileFeedCollectionViewCell.m */; };
		2253D48720F6DA4500832AD4 /* AddLocationViewController.m in Sources */ = {isa = PBXBuildFile; fileRef = 2253D48620F6DA4500832AD4 /* AddLocationViewController.m */; };
		2253D48920F6DAF700832AD4 /* MapKit.framework in Frameworks */ = {isa = PBXBuildFile; fileRef = 2253D48820F6DAF600832AD4 /* MapKit.framework */; };
		2253D48C20F6DCF100832AD4 /* LocationTableViewCell.m in Sources */ = {isa = PBXBuildFile; fileRef = 2253D48B20F6DCF100832AD4 /* LocationTableViewCell.m */; };
		2253D48F20F80D0B00832AD4 /* EditProfileViewController.m in Sources */ = {isa = PBXBuildFile; fileRef = 2253D48E20F80D0B00832AD4 /* EditProfileViewController.m */; };
		22990D0020F4078F00766D74 /* AppDelegate.m in Sources */ = {isa = PBXBuildFile; fileRef = 22990CFF20F4078F00766D74 /* AppDelegate.m */; };
		22990D0320F4078F00766D74 /* LoginScreenViewController.m in Sources */ = {isa = PBXBuildFile; fileRef = 22990D0220F4078F00766D74 /* LoginScreenViewController.m */; };
		22990D0620F4078F00766D74 /* Main.storyboard in Resources */ = {isa = PBXBuildFile; fileRef = 22990D0420F4078F00766D74 /* Main.storyboard */; };
		22990D0920F4078F00766D74 /* Instagram.xcdatamodeld in Sources */ = {isa = PBXBuildFile; fileRef = 22990D0720F4078F00766D74 /* Instagram.xcdatamodeld */; };
		22990D0B20F4079000766D74 /* Assets.xcassets in Resources */ = {isa = PBXBuildFile; fileRef = 22990D0A20F4079000766D74 /* Assets.xcassets */; };
		22990D0E20F4079000766D74 /* LaunchScreen.storyboard in Resources */ = {isa = PBXBuildFile; fileRef = 22990D0C20F4079000766D74 /* LaunchScreen.storyboard */; };
		22990D1120F4079000766D74 /* main.m in Sources */ = {isa = PBXBuildFile; fileRef = 22990D1020F4079000766D74 /* main.m */; };
		22990D1A20F4142300766D74 /* HomeViewController.m in Sources */ = {isa = PBXBuildFile; fileRef = 22990D1920F4142300766D74 /* HomeViewController.m */; };
		22990D1D20F4154100766D74 /* RegisterViewController.m in Sources */ = {isa = PBXBuildFile; fileRef = 22990D1C20F4154100766D74 /* RegisterViewController.m */; };
		22990D2020F42FBB00766D74 /* CameraPostViewController.m in Sources */ = {isa = PBXBuildFile; fileRef = 22990D1F20F42FBB00766D74 /* CameraPostViewController.m */; };
		22990D2420F4312F00766D74 /* PostTableViewCell.m in Sources */ = {isa = PBXBuildFile; fileRef = 22990D2320F4312F00766D74 /* PostTableViewCell.m */; };
		22990D2820F4320F00766D74 /* Post.m in Sources */ = {isa = PBXBuildFile; fileRef = 22990D2720F4320F00766D74 /* Post.m */; };
		22990D2B20F467A700766D74 /* UsernameHeaderView.m in Sources */ = {isa = PBXBuildFile; fileRef = 22990D2A20F467A600766D74 /* UsernameHeaderView.m */; };
		22990D2E20F46C9000766D74 /* ProfileViewController.m in Sources */ = {isa = PBXBuildFile; fileRef = 22990D2D20F46C9000766D74 /* ProfileViewController.m */; };
		22990D3120F46D4E00766D74 /* PostDetailViewController.m in Sources */ = {isa = PBXBuildFile; fileRef = 22990D3020F46D4E00766D74 /* PostDetailViewController.m */; };
		6B28B7DAE0DD811389B85C6D /* libPods-Instagram.a in Frameworks */ = {isa = PBXBuildFile; fileRef = 56F75AD8A18719AE4BCC75C2 /* libPods-Instagram.a */; };
/* End PBXBuildFile section */

/* Begin PBXFileReference section */
		2253D48020F5C26100832AD4 /* ProfileFeedCollectionViewCell.h */ = {isa = PBXFileReference; lastKnownFileType = sourcecode.c.h; path = ProfileFeedCollectionViewCell.h; sourceTree = "<group>"; };
		2253D48120F5C26100832AD4 /* ProfileFeedCollectionViewCell.m */ = {isa = PBXFileReference; lastKnownFileType = sourcecode.c.objc; path = ProfileFeedCollectionViewCell.m; sourceTree = "<group>"; };
		2253D48520F6DA4500832AD4 /* AddLocationViewController.h */ = {isa = PBXFileReference; lastKnownFileType = sourcecode.c.h; path = AddLocationViewController.h; sourceTree = "<group>"; };
		2253D48620F6DA4500832AD4 /* AddLocationViewController.m */ = {isa = PBXFileReference; lastKnownFileType = sourcecode.c.objc; path = AddLocationViewController.m; sourceTree = "<group>"; };
		2253D48820F6DAF600832AD4 /* MapKit.framework */ = {isa = PBXFileReference; lastKnownFileType = wrapper.framework; name = MapKit.framework; path = System/Library/Frameworks/MapKit.framework; sourceTree = SDKROOT; };
		2253D48A20F6DCF100832AD4 /* LocationTableViewCell.h */ = {isa = PBXFileReference; lastKnownFileType = sourcecode.c.h; path = LocationTableViewCell.h; sourceTree = "<group>"; };
		2253D48B20F6DCF100832AD4 /* LocationTableViewCell.m */ = {isa = PBXFileReference; lastKnownFileType = sourcecode.c.objc; path = LocationTableViewCell.m; sourceTree = "<group>"; };
		2253D48D20F80D0B00832AD4 /* EditProfileViewController.h */ = {isa = PBXFileReference; lastKnownFileType = sourcecode.c.h; path = EditProfileViewController.h; sourceTree = "<group>"; };
		2253D48E20F80D0B00832AD4 /* EditProfileViewController.m */ = {isa = PBXFileReference; lastKnownFileType = sourcecode.c.objc; path = EditProfileViewController.m; sourceTree = "<group>"; };
		22990CFB20F4078F00766D74 /* Instagram.app */ = {isa = PBXFileReference; explicitFileType = wrapper.application; includeInIndex = 0; path = Instagram.app; sourceTree = BUILT_PRODUCTS_DIR; };
		22990CFE20F4078F00766D74 /* AppDelegate.h */ = {isa = PBXFileReference; lastKnownFileType = sourcecode.c.h; path = AppDelegate.h; sourceTree = "<group>"; };
		22990CFF20F4078F00766D74 /* AppDelegate.m */ = {isa = PBXFileReference; lastKnownFileType = sourcecode.c.objc; path = AppDelegate.m; sourceTree = "<group>"; };
		22990D0120F4078F00766D74 /* LoginScreenViewController.h */ = {isa = PBXFileReference; lastKnownFileType = sourcecode.c.h; path = LoginScreenViewController.h; sourceTree = "<group>"; };
		22990D0220F4078F00766D74 /* LoginScreenViewController.m */ = {isa = PBXFileReference; lastKnownFileType = sourcecode.c.objc; path = LoginScreenViewController.m; sourceTree = "<group>"; };
		22990D0520F4078F00766D74 /* Base */ = {isa = PBXFileReference; lastKnownFileType = file.storyboard; name = Base; path = Base.lproj/Main.storyboard; sourceTree = "<group>"; };
		22990D0820F4078F00766D74 /* Instagram.xcdatamodel */ = {isa = PBXFileReference; lastKnownFileType = wrapper.xcdatamodel; path = Instagram.xcdatamodel; sourceTree = "<group>"; };
		22990D0A20F4079000766D74 /* Assets.xcassets */ = {isa = PBXFileReference; lastKnownFileType = folder.assetcatalog; path = Assets.xcassets; sourceTree = "<group>"; };
		22990D0D20F4079000766D74 /* Base */ = {isa = PBXFileReference; lastKnownFileType = file.storyboard; name = Base; path = Base.lproj/LaunchScreen.storyboard; sourceTree = "<group>"; };
		22990D0F20F4079000766D74 /* Info.plist */ = {isa = PBXFileReference; lastKnownFileType = text.plist.xml; path = Info.plist; sourceTree = "<group>"; };
		22990D1020F4079000766D74 /* main.m */ = {isa = PBXFileReference; lastKnownFileType = sourcecode.c.objc; path = main.m; sourceTree = "<group>"; };
		22990D1820F4142300766D74 /* HomeViewController.h */ = {isa = PBXFileReference; lastKnownFileType = sourcecode.c.h; path = HomeViewController.h; sourceTree = "<group>"; };
		22990D1920F4142300766D74 /* HomeViewController.m */ = {isa = PBXFileReference; lastKnownFileType = sourcecode.c.objc; path = HomeViewController.m; sourceTree = "<group>"; };
		22990D1B20F4154100766D74 /* RegisterViewController.h */ = {isa = PBXFileReference; lastKnownFileType = sourcecode.c.h; path = RegisterViewController.h; sourceTree = "<group>"; };
		22990D1C20F4154100766D74 /* RegisterViewController.m */ = {isa = PBXFileReference; lastKnownFileType = sourcecode.c.objc; path = RegisterViewController.m; sourceTree = "<group>"; };
		22990D1E20F42FBB00766D74 /* CameraPostViewController.h */ = {isa = PBXFileReference; lastKnownFileType = sourcecode.c.h; path = CameraPostViewController.h; sourceTree = "<group>"; };
		22990D1F20F42FBB00766D74 /* CameraPostViewController.m */ = {isa = PBXFileReference; lastKnownFileType = sourcecode.c.objc; path = CameraPostViewController.m; sourceTree = "<group>"; };
		22990D2220F4312F00766D74 /* PostTableViewCell.h */ = {isa = PBXFileReference; lastKnownFileType = sourcecode.c.h; path = PostTableViewCell.h; sourceTree = "<group>"; };
		22990D2320F4312F00766D74 /* PostTableViewCell.m */ = {isa = PBXFileReference; lastKnownFileType = sourcecode.c.objc; path = PostTableViewCell.m; sourceTree = "<group>"; };
		22990D2620F4320F00766D74 /* Post.h */ = {isa = PBXFileReference; lastKnownFileType = sourcecode.c.h; path = Post.h; sourceTree = "<group>"; };
		22990D2720F4320F00766D74 /* Post.m */ = {isa = PBXFileReference; lastKnownFileType = sourcecode.c.objc; path = Post.m; sourceTree = "<group>"; };
		22990D2920F467A600766D74 /* UsernameHeaderView.h */ = {isa = PBXFileReference; lastKnownFileType = sourcecode.c.h; path = UsernameHeaderView.h; sourceTree = "<group>"; };
		22990D2A20F467A600766D74 /* UsernameHeaderView.m */ = {isa = PBXFileReference; lastKnownFileType = sourcecode.c.objc; path = UsernameHeaderView.m; sourceTree = "<group>"; };
		22990D2C20F46C9000766D74 /* ProfileViewController.h */ = {isa = PBXFileReference; lastKnownFileType = sourcecode.c.h; path = ProfileViewController.h; sourceTree = "<group>"; };
		22990D2D20F46C9000766D74 /* ProfileViewController.m */ = {isa = PBXFileReference; lastKnownFileType = sourcecode.c.objc; path = ProfileViewController.m; sourceTree = "<group>"; };
		22990D2F20F46D4E00766D74 /* PostDetailViewController.h */ = {isa = PBXFileReference; lastKnownFileType = sourcecode.c.h; path = PostDetailViewController.h; sourceTree = "<group>"; };
		22990D3020F46D4E00766D74 /* PostDetailViewController.m */ = {isa = PBXFileReference; lastKnownFileType = sourcecode.c.objc; path = PostDetailViewController.m; sourceTree = "<group>"; };
		56F75AD8A18719AE4BCC75C2 /* libPods-Instagram.a */ = {isa = PBXFileReference; explicitFileType = archive.ar; includeInIndex = 0; path = "libPods-Instagram.a"; sourceTree = BUILT_PRODUCTS_DIR; };
		EF6145CF78E30BF1C4F5384F /* Pods-Instagram.debug.xcconfig */ = {isa = PBXFileReference; includeInIndex = 1; lastKnownFileType = text.xcconfig; name = "Pods-Instagram.debug.xcconfig"; path = "Pods/Target Support Files/Pods-Instagram/Pods-Instagram.debug.xcconfig"; sourceTree = "<group>"; };
		FDE48957374ADC734FDC7217 /* Pods-Instagram.release.xcconfig */ = {isa = PBXFileReference; includeInIndex = 1; lastKnownFileType = text.xcconfig; name = "Pods-Instagram.release.xcconfig"; path = "Pods/Target Support Files/Pods-Instagram/Pods-Instagram.release.xcconfig"; sourceTree = "<group>"; };
/* End PBXFileReference section */

/* Begin PBXFrameworksBuildPhase section */
		22990CF820F4078F00766D74 /* Frameworks */ = {
			isa = PBXFrameworksBuildPhase;
			buildActionMask = 2147483647;
			files = (
				2253D48920F6DAF700832AD4 /* MapKit.framework in Frameworks */,
				6B28B7DAE0DD811389B85C6D /* libPods-Instagram.a in Frameworks */,
			);
			runOnlyForDeploymentPostprocessing = 0;
		};
/* End PBXFrameworksBuildPhase section */

/* Begin PBXGroup section */
		22990CF220F4078F00766D74 = {
			isa = PBXGroup;
			children = (
				22990CFD20F4078F00766D74 /* Instagram */,
				22990CFC20F4078F00766D74 /* Products */,
				A0B8F4AB010AB15A73F088A7 /* Pods */,
				23B2B238F95326D2D67B92FE /* Frameworks */,
			);
			sourceTree = "<group>";
		};
		22990CFC20F4078F00766D74 /* Products */ = {
			isa = PBXGroup;
			children = (
				22990CFB20F4078F00766D74 /* Instagram.app */,
			);
			name = Products;
			sourceTree = "<group>";
		};
		22990CFD20F4078F00766D74 /* Instagram */ = {
			isa = PBXGroup;
			children = (
				22990D2520F4320300766D74 /* Models */,
				22990D2120F4311900766D74 /* Views */,
				22990D1720F4140100766D74 /* View Controllers */,
				22990CFE20F4078F00766D74 /* AppDelegate.h */,
				22990CFF20F4078F00766D74 /* AppDelegate.m */,
				22990D0420F4078F00766D74 /* Main.storyboard */,
				22990D0A20F4079000766D74 /* Assets.xcassets */,
				22990D0C20F4079000766D74 /* LaunchScreen.storyboard */,
				22990D0F20F4079000766D74 /* Info.plist */,
				22990D1020F4079000766D74 /* main.m */,
				22990D0720F4078F00766D74 /* Instagram.xcdatamodeld */,
			);
			path = Instagram;
			sourceTree = "<group>";
		};
		22990D1720F4140100766D74 /* View Controllers */ = {
			isa = PBXGroup;
			children = (
				22990D0120F4078F00766D74 /* LoginScreenViewController.h */,
				22990D0220F4078F00766D74 /* LoginScreenViewController.m */,
				22990D1820F4142300766D74 /* HomeViewController.h */,
				22990D1920F4142300766D74 /* HomeViewController.m */,
				22990D1B20F4154100766D74 /* RegisterViewController.h */,
				22990D1C20F4154100766D74 /* RegisterViewController.m */,
				22990D1E20F42FBB00766D74 /* CameraPostViewController.h */,
				22990D1F20F42FBB00766D74 /* CameraPostViewController.m */,
				22990D2C20F46C9000766D74 /* ProfileViewController.h */,
				22990D2D20F46C9000766D74 /* ProfileViewController.m */,
				22990D2F20F46D4E00766D74 /* PostDetailViewController.h */,
				22990D3020F46D4E00766D74 /* PostDetailViewController.m */,
				2253D48520F6DA4500832AD4 /* AddLocationViewController.h */,
				2253D48620F6DA4500832AD4 /* AddLocationViewController.m */,
				2253D48D20F80D0B00832AD4 /* EditProfileViewController.h */,
				2253D48E20F80D0B00832AD4 /* EditProfileViewController.m */,
			);
			path = "View Controllers";
			sourceTree = "<group>";
		};
		22990D2120F4311900766D74 /* Views */ = {
			isa = PBXGroup;
			children = (
				22990D2220F4312F00766D74 /* PostTableViewCell.h */,
				22990D2320F4312F00766D74 /* PostTableViewCell.m */,
				22990D2920F467A600766D74 /* UsernameHeaderView.h */,
				22990D2A20F467A600766D74 /* UsernameHeaderView.m */,
				2253D48020F5C26100832AD4 /* ProfileFeedCollectionViewCell.h */,
				2253D48120F5C26100832AD4 /* ProfileFeedCollectionViewCell.m */,
				2253D48A20F6DCF100832AD4 /* LocationTableViewCell.h */,
				2253D48B20F6DCF100832AD4 /* LocationTableViewCell.m */,
			);
			path = Views;
			sourceTree = "<group>";
		};
		22990D2520F4320300766D74 /* Models */ = {
			isa = PBXGroup;
			children = (
				22990D2620F4320F00766D74 /* Post.h */,
				22990D2720F4320F00766D74 /* Post.m */,
			);
			path = Models;
			sourceTree = "<group>";
		};
		23B2B238F95326D2D67B92FE /* Frameworks */ = {
			isa = PBXGroup;
			children = (
				2253D48820F6DAF600832AD4 /* MapKit.framework */,
				56F75AD8A18719AE4BCC75C2 /* libPods-Instagram.a */,
			);
			name = Frameworks;
			sourceTree = "<group>";
		};
		A0B8F4AB010AB15A73F088A7 /* Pods */ = {
			isa = PBXGroup;
			children = (
				EF6145CF78E30BF1C4F5384F /* Pods-Instagram.debug.xcconfig */,
				FDE48957374ADC734FDC7217 /* Pods-Instagram.release.xcconfig */,
			);
			name = Pods;
			sourceTree = "<group>";
		};
/* End PBXGroup section */

/* Begin PBXNativeTarget section */
		22990CFA20F4078F00766D74 /* Instagram */ = {
			isa = PBXNativeTarget;
			buildConfigurationList = 22990D1420F4079000766D74 /* Build configuration list for PBXNativeTarget "Instagram" */;
			buildPhases = (
				F915459057122FFDEF61108C /* [CP] Check Pods Manifest.lock */,
				22990CF720F4078F00766D74 /* Sources */,
				22990CF820F4078F00766D74 /* Frameworks */,
				22990CF920F4078F00766D74 /* Resources */,
				9FCF9752B6FDB3AFEAC8B9EC /* [CP] Copy Pods Resources */,
			);
			buildRules = (
			);
			dependencies = (
			);
			name = Instagram;
			productName = Instagram;
			productReference = 22990CFB20F4078F00766D74 /* Instagram.app */;
			productType = "com.apple.product-type.application";
		};
/* End PBXNativeTarget section */

/* Begin PBXProject section */
		22990CF320F4078F00766D74 /* Project object */ = {
			isa = PBXProject;
			attributes = {
				LastUpgradeCheck = 0940;
				ORGANIZATIONNAME = "Omar Rasheed";
				TargetAttributes = {
					22990CFA20F4078F00766D74 = {
						CreatedOnToolsVersion = 9.4.1;
					};
				};
			};
			buildConfigurationList = 22990CF620F4078F00766D74 /* Build configuration list for PBXProject "Instagram" */;
			compatibilityVersion = "Xcode 9.3";
			developmentRegion = en;
			hasScannedForEncodings = 0;
			knownRegions = (
				en,
				Base,
			);
			mainGroup = 22990CF220F4078F00766D74;
			productRefGroup = 22990CFC20F4078F00766D74 /* Products */;
			projectDirPath = "";
			projectRoot = "";
			targets = (
				22990CFA20F4078F00766D74 /* Instagram */,
			);
		};
/* End PBXProject section */

/* Begin PBXResourcesBuildPhase section */
		22990CF920F4078F00766D74 /* Resources */ = {
			isa = PBXResourcesBuildPhase;
			buildActionMask = 2147483647;
			files = (
				22990D0E20F4079000766D74 /* LaunchScreen.storyboard in Resources */,
				22990D0B20F4079000766D74 /* Assets.xcassets in Resources */,
				22990D0620F4078F00766D74 /* Main.storyboard in Resources */,
			);
			runOnlyForDeploymentPostprocessing = 0;
		};
/* End PBXResourcesBuildPhase section */

/* Begin PBXShellScriptBuildPhase section */
		9FCF9752B6FDB3AFEAC8B9EC /* [CP] Copy Pods Resources */ = {
			isa = PBXShellScriptBuildPhase;
			buildActionMask = 2147483647;
			files = (
			);
			inputPaths = (
				"${SRCROOT}/Pods/Target Support Files/Pods-Instagram/Pods-Instagram-resources.sh",
				"${PODS_ROOT}/DateTools/DateTools/DateTools/DateTools.bundle",
				"${PODS_CONFIGURATION_BUILD_DIR}/Parse/Parse.bundle",
				"${PODS_ROOT}/ParseUI/ParseUI/Resources/Localization/en.lproj",
				"${PODS_ROOT}/ParseUI/ParseUI/Resources/Localization/fr.lproj",
				"${PODS_ROOT}/ParseUI/ParseUI/Resources/Localization/pt-BR.lproj",
			);
			name = "[CP] Copy Pods Resources";
			outputPaths = (
				"${TARGET_BUILD_DIR}/${UNLOCALIZED_RESOURCES_FOLDER_PATH}/DateTools.bundle",
				"${TARGET_BUILD_DIR}/${UNLOCALIZED_RESOURCES_FOLDER_PATH}/Parse.bundle",
				"${TARGET_BUILD_DIR}/${UNLOCALIZED_RESOURCES_FOLDER_PATH}/en.lproj",
				"${TARGET_BUILD_DIR}/${UNLOCALIZED_RESOURCES_FOLDER_PATH}/fr.lproj",
				"${TARGET_BUILD_DIR}/${UNLOCALIZED_RESOURCES_FOLDER_PATH}/pt-BR.lproj",
			);
			runOnlyForDeploymentPostprocessing = 0;
			shellPath = /bin/sh;
			shellScript = "\"${SRCROOT}/Pods/Target Support Files/Pods-Instagram/Pods-Instagram-resources.sh\"\n";
			showEnvVarsInLog = 0;
		};
		F915459057122FFDEF61108C /* [CP] Check Pods Manifest.lock */ = {
			isa = PBXShellScriptBuildPhase;
			buildActionMask = 2147483647;
			files = (
			);
			inputPaths = (
				"${PODS_PODFILE_DIR_PATH}/Podfile.lock",
				"${PODS_ROOT}/Manifest.lock",
			);
			name = "[CP] Check Pods Manifest.lock";
			outputPaths = (
				"$(DERIVED_FILE_DIR)/Pods-Instagram-checkManifestLockResult.txt",
			);
			runOnlyForDeploymentPostprocessing = 0;
			shellPath = /bin/sh;
			shellScript = "diff \"${PODS_PODFILE_DIR_PATH}/Podfile.lock\" \"${PODS_ROOT}/Manifest.lock\" > /dev/null\nif [ $? != 0 ] ; then\n    # print error to STDERR\n    echo \"error: The sandbox is not in sync with the Podfile.lock. Run 'pod install' or update your CocoaPods installation.\" >&2\n    exit 1\nfi\n# This output is used by Xcode 'outputs' to avoid re-running this script phase.\necho \"SUCCESS\" > \"${SCRIPT_OUTPUT_FILE_0}\"\n";
			showEnvVarsInLog = 0;
		};
/* End PBXShellScriptBuildPhase section */

/* Begin PBXSourcesBuildPhase section */
		22990CF720F4078F00766D74 /* Sources */ = {
			isa = PBXSourcesBuildPhase;
			buildActionMask = 2147483647;
			files = (
				22990D0320F4078F00766D74 /* LoginScreenViewController.m in Sources */,
				2253D48720F6DA4500832AD4 /* AddLocationViewController.m in Sources */,
				22990D1D20F4154100766D74 /* RegisterViewController.m in Sources */,
				22990D2020F42FBB00766D74 /* CameraPostViewController.m in Sources */,
				22990D0920F4078F00766D74 /* Instagram.xcdatamodeld in Sources */,
				22990D2820F4320F00766D74 /* Post.m in Sources */,
				22990D2B20F467A700766D74 /* UsernameHeaderView.m in Sources */,
				2253D48C20F6DCF100832AD4 /* LocationTableViewCell.m in Sources */,
				22990D1120F4079000766D74 /* main.m in Sources */,
				22990D1A20F4142300766D74 /* HomeViewController.m in Sources */,
				22990D2E20F46C9000766D74 /* ProfileViewController.m in Sources */,
				22990D3120F46D4E00766D74 /* PostDetailViewController.m in Sources */,
				2253D48F20F80D0B00832AD4 /* EditProfileViewController.m in Sources */,
				22990D0020F4078F00766D74 /* AppDelegate.m in Sources */,
				2253D48220F5C26100832AD4 /* ProfileFeedCollectionViewCell.m in Sources */,
				22990D2420F4312F00766D74 /* PostTableViewCell.m in Sources */,
			);
			runOnlyForDeploymentPostprocessing = 0;
		};
/* End PBXSourcesBuildPhase section */

/* Begin PBXVariantGroup section */
		22990D0420F4078F00766D74 /* Main.storyboard */ = {
			isa = PBXVariantGroup;
			children = (
				22990D0520F4078F00766D74 /* Base */,
			);
			name = Main.storyboard;
			sourceTree = "<group>";
		};
		22990D0C20F4079000766D74 /* LaunchScreen.storyboard */ = {
			isa = PBXVariantGroup;
			children = (
				22990D0D20F4079000766D74 /* Base */,
			);
			name = LaunchScreen.storyboard;
			sourceTree = "<group>";
		};
/* End PBXVariantGroup section */

/* Begin XCBuildConfiguration section */
		22990D1220F4079000766D74 /* Debug */ = {
			isa = XCBuildConfiguration;
			buildSettings = {
				ALWAYS_SEARCH_USER_PATHS = NO;
				CLANG_ANALYZER_NONNULL = YES;
				CLANG_ANALYZER_NUMBER_OBJECT_CONVERSION = YES_AGGRESSIVE;
				CLANG_CXX_LANGUAGE_STANDARD = "gnu++14";
				CLANG_CXX_LIBRARY = "libc++";
				CLANG_ENABLE_MODULES = YES;
				CLANG_ENABLE_OBJC_ARC = YES;
				CLANG_ENABLE_OBJC_WEAK = YES;
				CLANG_WARN_BLOCK_CAPTURE_AUTORELEASING = YES;
				CLANG_WARN_BOOL_CONVERSION = YES;
				CLANG_WARN_COMMA = YES;
				CLANG_WARN_CONSTANT_CONVERSION = YES;
				CLANG_WARN_DEPRECATED_OBJC_IMPLEMENTATIONS = YES;
				CLANG_WARN_DIRECT_OBJC_ISA_USAGE = YES_ERROR;
				CLANG_WARN_DOCUMENTATION_COMMENTS = YES;
				CLANG_WARN_EMPTY_BODY = YES;
				CLANG_WARN_ENUM_CONVERSION = YES;
				CLANG_WARN_INFINITE_RECURSION = YES;
				CLANG_WARN_INT_CONVERSION = YES;
				CLANG_WARN_NON_LITERAL_NULL_CONVERSION = YES;
				CLANG_WARN_OBJC_IMPLICIT_RETAIN_SELF = YES;
				CLANG_WARN_OBJC_LITERAL_CONVERSION = YES;
				CLANG_WARN_OBJC_ROOT_CLASS = YES_ERROR;
				CLANG_WARN_RANGE_LOOP_ANALYSIS = YES;
				CLANG_WARN_STRICT_PROTOTYPES = YES;
				CLANG_WARN_SUSPICIOUS_MOVE = YES;
				CLANG_WARN_UNGUARDED_AVAILABILITY = YES_AGGRESSIVE;
				CLANG_WARN_UNREACHABLE_CODE = YES;
				CLANG_WARN__DUPLICATE_METHOD_MATCH = YES;
				CODE_SIGN_IDENTITY = "iPhone Developer";
				COPY_PHASE_STRIP = NO;
				DEBUG_INFORMATION_FORMAT = dwarf;
				ENABLE_STRICT_OBJC_MSGSEND = YES;
				ENABLE_TESTABILITY = YES;
				GCC_C_LANGUAGE_STANDARD = gnu11;
				GCC_DYNAMIC_NO_PIC = NO;
				GCC_NO_COMMON_BLOCKS = YES;
				GCC_OPTIMIZATION_LEVEL = 0;
				GCC_PREPROCESSOR_DEFINITIONS = (
					"DEBUG=1",
					"$(inherited)",
				);
				GCC_WARN_64_TO_32_BIT_CONVERSION = YES;
				GCC_WARN_ABOUT_RETURN_TYPE = YES_ERROR;
				GCC_WARN_UNDECLARED_SELECTOR = YES;
				GCC_WARN_UNINITIALIZED_AUTOS = YES_AGGRESSIVE;
				GCC_WARN_UNUSED_FUNCTION = YES;
				GCC_WARN_UNUSED_VARIABLE = YES;
				IPHONEOS_DEPLOYMENT_TARGET = 11.4;
				MTL_ENABLE_DEBUG_INFO = YES;
				ONLY_ACTIVE_ARCH = YES;
				SDKROOT = iphoneos;
			};
			name = Debug;
		};
		22990D1320F4079000766D74 /* Release */ = {
			isa = XCBuildConfiguration;
			buildSettings = {
				ALWAYS_SEARCH_USER_PATHS = NO;
				CLANG_ANALYZER_NONNULL = YES;
				CLANG_ANALYZER_NUMBER_OBJECT_CONVERSION = YES_AGGRESSIVE;
				CLANG_CXX_LANGUAGE_STANDARD = "gnu++14";
				CLANG_CXX_LIBRARY = "libc++";
				CLANG_ENABLE_MODULES = YES;
				CLANG_ENABLE_OBJC_ARC = YES;
				CLANG_ENABLE_OBJC_WEAK = YES;
				CLANG_WARN_BLOCK_CAPTURE_AUTORELEASING = YES;
				CLANG_WARN_BOOL_CONVERSION = YES;
				CLANG_WARN_COMMA = YES;
				CLANG_WARN_CONSTANT_CONVERSION = YES;
				CLANG_WARN_DEPRECATED_OBJC_IMPLEMENTATIONS = YES;
				CLANG_WARN_DIRECT_OBJC_ISA_USAGE = YES_ERROR;
				CLANG_WARN_DOCUMENTATION_COMMENTS = YES;
				CLANG_WARN_EMPTY_BODY = YES;
				CLANG_WARN_ENUM_CONVERSION = YES;
				CLANG_WARN_INFINITE_RECURSION = YES;
				CLANG_WARN_INT_CONVERSION = YES;
				CLANG_WARN_NON_LITERAL_NULL_CONVERSION = YES;
				CLANG_WARN_OBJC_IMPLICIT_RETAIN_SELF = YES;
				CLANG_WARN_OBJC_LITERAL_CONVERSION = YES;
				CLANG_WARN_OBJC_ROOT_CLASS = YES_ERROR;
				CLANG_WARN_RANGE_LOOP_ANALYSIS = YES;
				CLANG_WARN_STRICT_PROTOTYPES = YES;
				CLANG_WARN_SUSPICIOUS_MOVE = YES;
				CLANG_WARN_UNGUARDED_AVAILABILITY = YES_AGGRESSIVE;
				CLANG_WARN_UNREACHABLE_CODE = YES;
				CLANG_WARN__DUPLICATE_METHOD_MATCH = YES;
				CODE_SIGN_IDENTITY = "iPhone Developer";
				COPY_PHASE_STRIP = NO;
				DEBUG_INFORMATION_FORMAT = "dwarf-with-dsym";
				ENABLE_NS_ASSERTIONS = NO;
				ENABLE_STRICT_OBJC_MSGSEND = YES;
				GCC_C_LANGUAGE_STANDARD = gnu11;
				GCC_NO_COMMON_BLOCKS = YES;
				GCC_WARN_64_TO_32_BIT_CONVERSION = YES;
				GCC_WARN_ABOUT_RETURN_TYPE = YES_ERROR;
				GCC_WARN_UNDECLARED_SELECTOR = YES;
				GCC_WARN_UNINITIALIZED_AUTOS = YES_AGGRESSIVE;
				GCC_WARN_UNUSED_FUNCTION = YES;
				GCC_WARN_UNUSED_VARIABLE = YES;
				IPHONEOS_DEPLOYMENT_TARGET = 11.4;
				MTL_ENABLE_DEBUG_INFO = NO;
				SDKROOT = iphoneos;
				VALIDATE_PRODUCT = YES;
			};
			name = Release;
		};
		22990D1520F4079000766D74 /* Debug */ = {
			isa = XCBuildConfiguration;
			baseConfigurationReference = EF6145CF78E30BF1C4F5384F /* Pods-Instagram.debug.xcconfig */;
			buildSettings = {
				ASSETCATALOG_COMPILER_APPICON_NAME = AppIcon;
				CODE_SIGN_STYLE = Automatic;
				DEVELOPMENT_TEAM = 524YAK9BG3;
				INFOPLIST_FILE = Instagram/Info.plist;
				LD_RUNPATH_SEARCH_PATHS = (
					"$(inherited)",
					"@executable_path/Frameworks",
				);
				PRODUCT_BUNDLE_IDENTIFIER = OmarCodePath.Instagram;
				PRODUCT_NAME = "$(TARGET_NAME)";
				TARGETED_DEVICE_FAMILY = "1,2";
			};
			name = Debug;
		};
		22990D1620F4079000766D74 /* Release */ = {
			isa = XCBuildConfiguration;
			baseConfigurationReference = FDE48957374ADC734FDC7217 /* Pods-Instagram.release.xcconfig */;
			buildSettings = {
				ASSETCATALOG_COMPILER_APPICON_NAME = AppIcon;
				CODE_SIGN_STYLE = Automatic;
				DEVELOPMENT_TEAM = 524YAK9BG3;
				INFOPLIST_FILE = Instagram/Info.plist;
				LD_RUNPATH_SEARCH_PATHS = (
					"$(inherited)",
					"@executable_path/Frameworks",
				);
				PRODUCT_BUNDLE_IDENTIFIER = OmarCodePath.Instagram;
				PRODUCT_NAME = "$(TARGET_NAME)";
				TARGETED_DEVICE_FAMILY = "1,2";
			};
			name = Release;
		};
/* End XCBuildConfiguration section */

/* Begin XCConfigurationList section */
		22990CF620F4078F00766D74 /* Build configuration list for PBXProject "Instagram" */ = {
			isa = XCConfigurationList;
			buildConfigurations = (
				22990D1220F4079000766D74 /* Debug */,
				22990D1320F4079000766D74 /* Release */,
			);
			defaultConfigurationIsVisible = 0;
			defaultConfigurationName = Release;
		};
		22990D1420F4079000766D74 /* Build configuration list for PBXNativeTarget "Instagram" */ = {
			isa = XCConfigurationList;
			buildConfigurations = (
				22990D1520F4079000766D74 /* Debug */,
				22990D1620F4079000766D74 /* Release */,
			);
			defaultConfigurationIsVisible = 0;
			defaultConfigurationName = Release;
		};
/* End XCConfigurationList section */

/* Begin XCVersionGroup section */
		22990D0720F4078F00766D74 /* Instagram.xcdatamodeld */ = {
			isa = XCVersionGroup;
			children = (
				22990D0820F4078F00766D74 /* Instagram.xcdatamodel */,
			);
			currentVersion = 22990D0820F4078F00766D74 /* Instagram.xcdatamodel */;
			path = Instagram.xcdatamodeld;
			sourceTree = "<group>";
			versionGroupType = wrapper.xcdatamodel;
		};
/* End XCVersionGroup section */
	};
	rootObject = 22990CF320F4078F00766D74 /* Project object */;
}
